
Microsoft Visual Studio Solution File, Format Version 12.00
# Visual Studio Version 17
VisualStudioVersion = 17.8.34322.80
MinimumVisualStudioVersion = 10.0.40219.1
Project("{FAE04EC0-301F-11D3-BF4B-00C04F79EFBC}") = "Encriptación y Desencriptación 1.0", "Encriptación y Desencriptación 1.0\Encriptación y Desencriptación 1.0.csproj", "{54A4D891-D095-4746-923B-690B9C88C256}"
EndProject
Global
	GlobalSection(SolutionConfigurationPlatforms) = preSolution
		Debug|Any CPU = Debug|Any CPU
		Release|Any CPU = Release|Any CPU
	EndGlobalSection
	GlobalSection(ProjectConfigurationPlatforms) = postSolution
		{54A4D891-D095-4746-923B-690B9C88C256}.Debug|Any CPU.ActiveCfg = Debug|Any CPU
		{54A4D891-D095-4746-923B-690B9C88C256}.Debug|Any CPU.Build.0 = Debug|Any CPU
		{54A4D891-D095-4746-923B-690B9C88C256}.Release|Any CPU.ActiveCfg = Release|Any CPU
		{54A4D891-D095-4746-923B-690B9C88C256}.Release|Any CPU.Build.0 = Release|Any CPU
	EndGlobalSection
	GlobalSection(SolutionProperties) = preSolution
		HideSolutionNode = FALSE
	EndGlobalSection
	GlobalSection(ExtensibilityGlobals) = postSolution
		SolutionGuid = {9629001A-D03C-4BEE-8DD7-CE37ED006AC8}
	EndGlobalSection
EndGlobal
